
Microsoft Visual Studio Solution File, Format Version 12.00
# Visual Studio Version 17
VisualStudioVersion = 17.0.31903.59
MinimumVisualStudioVersion = 10.0.40219.1
Project("{FAE04EC0-301F-11D3-BF4B-00C04F79EFBC}") = "AspireAppDemo.AppHost", "AspireAppDemo.AppHost\AspireAppDemo.AppHost.csproj", "{9C6EC10C-065E-4CFF-8199-9EB8E5CCFAA2}"
EndProject
Project("{FAE04EC0-301F-11D3-BF4B-00C04F79EFBC}") = "AspireAppDemo.ServiceDefaults", "AspireAppDemo.ServiceDefaults\AspireAppDemo.ServiceDefaults.csproj", "{CFDA4A46-9639-432A-A7B6-97B582D33C00}"
EndProject
Project("{FAE04EC0-301F-11D3-BF4B-00C04F79EFBC}") = "AspireAppDemo.ApiService", "AspireAppDemo.ApiService\AspireAppDemo.ApiService.csproj", "{030627E1-6DBC-49F4-845B-705B6832D89E}"
EndProject
Project("{FAE04EC0-301F-11D3-BF4B-00C04F79EFBC}") = "AspireAppDemo.Web", "AspireAppDemo.Web\AspireAppDemo.Web.csproj", "{36CD4D32-B3AF-41AE-A712-C273B764A640}"
EndProject
Global
	GlobalSection(SolutionConfigurationPlatforms) = preSolution
		Debug|Any CPU = Debug|Any CPU
		Debug|x64 = Debug|x64
		Debug|x86 = Debug|x86
		Release|Any CPU = Release|Any CPU
		Release|x64 = Release|x64
		Release|x86 = Release|x86
	EndGlobalSection
	GlobalSection(ProjectConfigurationPlatforms) = postSolution
		{9C6EC10C-065E-4CFF-8199-9EB8E5CCFAA2}.Debug|Any CPU.ActiveCfg = Debug|Any CPU
		{9C6EC10C-065E-4CFF-8199-9EB8E5CCFAA2}.Debug|Any CPU.Build.0 = Debug|Any CPU
		{9C6EC10C-065E-4CFF-8199-9EB8E5CCFAA2}.Debug|x64.ActiveCfg = Debug|Any CPU
		{9C6EC10C-065E-4CFF-8199-9EB8E5CCFAA2}.Debug|x64.Build.0 = Debug|Any CPU
		{9C6EC10C-065E-4CFF-8199-9EB8E5CCFAA2}.Debug|x86.ActiveCfg = Debug|Any CPU
		{9C6EC10C-065E-4CFF-8199-9EB8E5CCFAA2}.Debug|x86.Build.0 = Debug|Any CPU
		{9C6EC10C-065E-4CFF-8199-9EB8E5CCFAA2}.Release|Any CPU.ActiveCfg = Release|Any CPU
		{9C6EC10C-065E-4CFF-8199-9EB8E5CCFAA2}.Release|Any CPU.Build.0 = Release|Any CPU
		{9C6EC10C-065E-4CFF-8199-9EB8E5CCFAA2}.Release|x64.ActiveCfg = Release|Any CPU
		{9C6EC10C-065E-4CFF-8199-9EB8E5CCFAA2}.Release|x64.Build.0 = Release|Any CPU
		{9C6EC10C-065E-4CFF-8199-9EB8E5CCFAA2}.Release|x86.ActiveCfg = Release|Any CPU
		{9C6EC10C-065E-4CFF-8199-9EB8E5CCFAA2}.Release|x86.Build.0 = Release|Any CPU
		{CFDA4A46-9639-432A-A7B6-97B582D33C00}.Debug|Any CPU.ActiveCfg = Debug|Any CPU
		{CFDA4A46-9639-432A-A7B6-97B582D33C00}.Debug|Any CPU.Build.0 = Debug|Any CPU
		{CFDA4A46-9639-432A-A7B6-97B582D33C00}.Debug|x64.ActiveCfg = Debug|Any CPU
		{CFDA4A46-9639-432A-A7B6-97B582D33C00}.Debug|x64.Build.0 = Debug|Any CPU
		{CFDA4A46-9639-432A-A7B6-97B582D33C00}.Debug|x86.ActiveCfg = Debug|Any CPU
		{CFDA4A46-9639-432A-A7B6-97B582D33C00}.Debug|x86.Build.0 = Debug|Any CPU
		{CFDA4A46-9639-432A-A7B6-97B582D33C00}.Release|Any CPU.ActiveCfg = Release|Any CPU
		{CFDA4A46-9639-432A-A7B6-97B582D33C00}.Release|Any CPU.Build.0 = Release|Any CPU
		{CFDA4A46-9639-432A-A7B6-97B582D33C00}.Release|x64.ActiveCfg = Release|Any CPU
		{CFDA4A46-9639-432A-A7B6-97B582D33C00}.Release|x64.Build.0 = Release|Any CPU
		{CFDA4A46-9639-432A-A7B6-97B582D33C00}.Release|x86.ActiveCfg = Release|Any CPU
		{CFDA4A46-9639-432A-A7B6-97B582D33C00}.Release|x86.Build.0 = Release|Any CPU
		{030627E1-6DBC-49F4-845B-705B6832D89E}.Debug|Any CPU.ActiveCfg = Debug|Any CPU
		{030627E1-6DBC-49F4-845B-705B6832D89E}.Debug|Any CPU.Build.0 = Debug|Any CPU
		{030627E1-6DBC-49F4-845B-705B6832D89E}.Debug|x64.ActiveCfg = Debug|Any CPU
		{030627E1-6DBC-49F4-845B-705B6832D89E}.Debug|x64.Build.0 = Debug|Any CPU
		{030627E1-6DBC-49F4-845B-705B6832D89E}.Debug|x86.ActiveCfg = Debug|Any CPU
		{030627E1-6DBC-49F4-845B-705B6832D89E}.Debug|x86.Build.0 = Debug|Any CPU
		{030627E1-6DBC-49F4-845B-705B6832D89E}.Release|Any CPU.ActiveCfg = Release|Any CPU
		{030627E1-6DBC-49F4-845B-705B6832D89E}.Release|Any CPU.Build.0 = Release|Any CPU
		{030627E1-6DBC-49F4-845B-705B6832D89E}.Release|x64.ActiveCfg = Release|Any CPU
		{030627E1-6DBC-49F4-845B-705B6832D89E}.Release|x64.Build.0 = Release|Any CPU
		{030627E1-6DBC-49F4-845B-705B6832D89E}.Release|x86.ActiveCfg = Release|Any CPU
		{030627E1-6DBC-49F4-845B-705B6832D89E}.Release|x86.Build.0 = Release|Any CPU
		{36CD4D32-B3AF-41AE-A712-C273B764A640}.Debug|Any CPU.ActiveCfg = Debug|Any CPU
		{36CD4D32-B3AF-41AE-A712-C273B764A640}.Debug|Any CPU.Build.0 = Debug|Any CPU
		{36CD4D32-B3AF-41AE-A712-C273B764A640}.Debug|x64.ActiveCfg = Debug|Any CPU
		{36CD4D32-B3AF-41AE-A712-C273B764A640}.Debug|x64.Build.0 = Debug|Any CPU
		{36CD4D32-B3AF-41AE-A712-C273B764A640}.Debug|x86.ActiveCfg = Debug|Any CPU
		{36CD4D32-B3AF-41AE-A712-C273B764A640}.Debug|x86.Build.0 = Debug|Any CPU
		{36CD4D32-B3AF-41AE-A712-C273B764A640}.Release|Any CPU.ActiveCfg = Release|Any CPU
		{36CD4D32-B3AF-41AE-A712-C273B764A640}.Release|Any CPU.Build.0 = Release|Any CPU
		{36CD4D32-B3AF-41AE-A712-C273B764A640}.Release|x64.ActiveCfg = Release|Any CPU
		{36CD4D32-B3AF-41AE-A712-C273B764A640}.Release|x64.Build.0 = Release|Any CPU
		{36CD4D32-B3AF-41AE-A712-C273B764A640}.Release|x86.ActiveCfg = Release|Any CPU
		{36CD4D32-B3AF-41AE-A712-C273B764A640}.Release|x86.Build.0 = Release|Any CPU
	EndGlobalSection
	GlobalSection(SolutionProperties) = preSolution
		HideSolutionNode = FALSE
	EndGlobalSection
EndGlobal
